{
  "name": "ajs18-3platforms-node",
  "version": "1.0.0",
  "lockfileVersion": 1,
  "requires": true,
  "dependencies": {
    "@irlen3/ajs18-3platforms-1": {
      "version": "1.0.0",
      "resolved": "https://npm.pkg.github.com/download/@irlen3/ajs18-3platforms-1/1.0.0/f59f7a5e016277f3d2ff7026997ac659859281915259a1144af8112b869c7528",
      "integrity": "sha512-R1WSBZzaWzCPdlHtu5idLDFj3zu0iD7Zn0+z6PJVo0UR+5PIauue9Byzi+YxqeQ+yTynllzmgtIyuoZz/Jje5w=="
    }
  }
}
