{
  "name": "ajs18-3platforms-node",
  "version": "1.0.0",
  "lockfileVersion": 1,
  "requires": true,
  "dependencies": {
    "@irlen3/ajspacket": {
      "version": "1.0.0",
      "resolved": "https://npm.pkg.github.com/download/@irlen3/ajspacket/1.0.0/c8c608dc91e7b02d0d2438a7b3307384228faa5291a6386f8db3c49c18788f60",
      "integrity": "sha512-NgF7dwoHiJ5/dhYmUR+/YnyNJhwkTFAFP/ildpFhWVSSDcbYk3RCA9MkT/9TDFlNMmERthAX8pD1ofLwl6I7rw=="
    }
  }
}
